// !$*UTF8*$!
{
	archiveVersion = 1;
	classes = {
	};
	objectVersion = 56;
	objects = {

/* Begin PBXBuildFile section */
		1C4494732C50CC800001CAD3 /* ComposableArchitecture in Frameworks */ = {isa = PBXBuildFile; productRef = 1C4494722C50CC800001CAD3 /* ComposableArchitecture */; };
		1C4494762C50D6D10001CAD3 /* HomePageView.swift in Sources */ = {isa = PBXBuildFile; fileRef = 1C4494752C50D6D10001CAD3 /* HomePageView.swift */; };
		1C4494782C50D6E20001CAD3 /* HomePageFeature.swift in Sources */ = {isa = PBXBuildFile; fileRef = 1C4494772C50D6E20001CAD3 /* HomePageFeature.swift */; };
		1C720DFA2C56E82600174732 /* ProductCard.swift in Sources */ = {isa = PBXBuildFile; fileRef = 1C720DF92C56E82600174732 /* ProductCard.swift */; };
		1C720DFC2C56EDB800174732 /* VerticalAvatarWithName.swift in Sources */ = {isa = PBXBuildFile; fileRef = 1C720DFB2C56EDB800174732 /* VerticalAvatarWithName.swift */; };
		1C7AD1CD2C57717000063F83 /* AppFeature.swift in Sources */ = {isa = PBXBuildFile; fileRef = 1C7AD1CC2C57717000063F83 /* AppFeature.swift */; };
		1C7AD1CF2C57717B00063F83 /* AppView.swift in Sources */ = {isa = PBXBuildFile; fileRef = 1C7AD1CE2C57717B00063F83 /* AppView.swift */; };
		1C7AD1D22C5772A900063F83 /* HomeNavigationView.swift in Sources */ = {isa = PBXBuildFile; fileRef = 1C7AD1D12C5772A900063F83 /* HomeNavigationView.swift */; };
		1C7AD1D42C5772B600063F83 /* HomeNavigationFeature.swift in Sources */ = {isa = PBXBuildFile; fileRef = 1C7AD1D32C5772B600063F83 /* HomeNavigationFeature.swift */; };
		1C7AD1D72C57730200063F83 /* ProfileNavigationFeature.swift in Sources */ = {isa = PBXBuildFile; fileRef = 1C7AD1D62C57730200063F83 /* ProfileNavigationFeature.swift */; };
		1C7AD1D92C57731000063F83 /* ProfileNavigationView.swift in Sources */ = {isa = PBXBuildFile; fileRef = 1C7AD1D82C57731000063F83 /* ProfileNavigationView.swift */; };
		1C7AD1DE2C5773B700063F83 /* ListCategoriesView.swift in Sources */ = {isa = PBXBuildFile; fileRef = 1C7AD1DD2C5773B700063F83 /* ListCategoriesView.swift */; };
		1C7AD1E02C5773C100063F83 /* ListCategoriesFeature.swift in Sources */ = {isa = PBXBuildFile; fileRef = 1C7AD1DF2C5773C100063F83 /* ListCategoriesFeature.swift */; };
		1C7AD1E22C57742C00063F83 /* HorizontalAvatarWithName.swift in Sources */ = {isa = PBXBuildFile; fileRef = 1C7AD1E12C57742C00063F83 /* HorizontalAvatarWithName.swift */; };
		1C7AD1E52C57759F00063F83 /* BottomTabBarView.swift in Sources */ = {isa = PBXBuildFile; fileRef = 1C7AD1E42C57759F00063F83 /* BottomTabBarView.swift */; };
		1C7AD1E72C5775BB00063F83 /* BottomTabBarFeature.swift in Sources */ = {isa = PBXBuildFile; fileRef = 1C7AD1E62C5775BB00063F83 /* BottomTabBarFeature.swift */; };
		1C7AD1EA2C578F2E00063F83 /* ProductListByCategoryFeature.swift in Sources */ = {isa = PBXBuildFile; fileRef = 1C7AD1E92C578F2E00063F83 /* ProductListByCategoryFeature.swift */; };
		1C7AD1EC2C578F3F00063F83 /* ProductListByCategoryView.swift in Sources */ = {isa = PBXBuildFile; fileRef = 1C7AD1EB2C578F3F00063F83 /* ProductListByCategoryView.swift */; };
		1C85E8C22C579415004F8852 /* ProductDetailFeature.swift in Sources */ = {isa = PBXBuildFile; fileRef = 1C85E8C12C579415004F8852 /* ProductDetailFeature.swift */; };
		1C85E8C42C57942E004F8852 /* ProductDetailView.swift in Sources */ = {isa = PBXBuildFile; fileRef = 1C85E8C32C57942E004F8852 /* ProductDetailView.swift */; };
		1C85E8C72C57F2F6004F8852 /* ProductReviewView.swift in Sources */ = {isa = PBXBuildFile; fileRef = 1C85E8C62C57F2F6004F8852 /* ProductReviewView.swift */; };
		1C85E8C92C57F30F004F8852 /* ProductReviewFeature.swift in Sources */ = {isa = PBXBuildFile; fileRef = 1C85E8C82C57F30F004F8852 /* ProductReviewFeature.swift */; };
		1C85E8CB2C57F615004F8852 /* ReviewComponent.swift in Sources */ = {isa = PBXBuildFile; fileRef = 1C85E8CA2C57F615004F8852 /* ReviewComponent.swift */; };
		1C85E8CE2C580A7C004F8852 /* SizeSelectionSheet.swift in Sources */ = {isa = PBXBuildFile; fileRef = 1C85E8CD2C580A7C004F8852 /* SizeSelectionSheet.swift */; };
		1C85E8D02C589731004F8852 /* SheetSelectButton.swift in Sources */ = {isa = PBXBuildFile; fileRef = 1C85E8CF2C589731004F8852 /* SheetSelectButton.swift */; };
		1C85E8D22C589BA9004F8852 /* ColorSelectionSheet.swift in Sources */ = {isa = PBXBuildFile; fileRef = 1C85E8D12C589BA9004F8852 /* ColorSelectionSheet.swift */; };
		1C85E8D52C589D2E004F8852 /* Constants.swift in Sources */ = {isa = PBXBuildFile; fileRef = 1C85E8D42C589D2E004F8852 /* Constants.swift */; };
		1C85E8D82C58B544004F8852 /* CartPageFeature.swift in Sources */ = {isa = PBXBuildFile; fileRef = 1C85E8D72C58B544004F8852 /* CartPageFeature.swift */; };
		1C85E8DA2C58B551004F8852 /* CartPageView.swift in Sources */ = {isa = PBXBuildFile; fileRef = 1C85E8D92C58B551004F8852 /* CartPageView.swift */; };
		1C85E8DC2C58B5CC004F8852 /* CartItem.swift in Sources */ = {isa = PBXBuildFile; fileRef = 1C85E8DB2C58B5CC004F8852 /* CartItem.swift */; };
		1C85E8DE2C58B6A2004F8852 /* CartModel.swift in Sources */ = {isa = PBXBuildFile; fileRef = 1C85E8DD2C58B6A2004F8852 /* CartModel.swift */; };
		1CB117372C4E4FD6000E3526 /* EcommerceApp.swift in Sources */ = {isa = PBXBuildFile; fileRef = 1CB117362C4E4FD6000E3526 /* EcommerceApp.swift */; };
		1CB1173B2C4E4FD8000E3526 /* Assets.xcassets in Resources */ = {isa = PBXBuildFile; fileRef = 1CB1173A2C4E4FD8000E3526 /* Assets.xcassets */; };
		1CB1173E2C4E4FD8000E3526 /* Preview Assets.xcassets in Resources */ = {isa = PBXBuildFile; fileRef = 1CB1173D2C4E4FD8000E3526 /* Preview Assets.xcassets */; };
		1CB117482C4E4FD8000E3526 /* EcommerceTests.swift in Sources */ = {isa = PBXBuildFile; fileRef = 1CB117472C4E4FD8000E3526 /* EcommerceTests.swift */; };
		1CB117522C4E4FD8000E3526 /* EcommerceUITests.swift in Sources */ = {isa = PBXBuildFile; fileRef = 1CB117512C4E4FD8000E3526 /* EcommerceUITests.swift */; };
		1CB117542C4E4FD8000E3526 /* EcommerceUITestsLaunchTests.swift in Sources */ = {isa = PBXBuildFile; fileRef = 1CB117532C4E4FD8000E3526 /* EcommerceUITestsLaunchTests.swift */; };
/* End PBXBuildFile section */

/* Begin PBXContainerItemProxy section */
		1CB117442C4E4FD8000E3526 /* PBXContainerItemProxy */ = {
			isa = PBXContainerItemProxy;
			containerPortal = 1CB1172B2C4E4FD6000E3526 /* Project object */;
			proxyType = 1;
			remoteGlobalIDString = 1CB117322C4E4FD6000E3526;
			remoteInfo = Ecommerce;
		};
		1CB1174E2C4E4FD8000E3526 /* PBXContainerItemProxy */ = {
			isa = PBXContainerItemProxy;
			containerPortal = 1CB1172B2C4E4FD6000E3526 /* Project object */;
			proxyType = 1;
			remoteGlobalIDString = 1CB117322C4E4FD6000E3526;
			remoteInfo = Ecommerce;
		};
/* End PBXContainerItemProxy section */

/* Begin PBXFileReference section */
		1C4494752C50D6D10001CAD3 /* HomePageView.swift */ = {isa = PBXFileReference; lastKnownFileType = sourcecode.swift; path = HomePageView.swift; sourceTree = "<group>"; };
		1C4494772C50D6E20001CAD3 /* HomePageFeature.swift */ = {isa = PBXFileReference; lastKnownFileType = sourcecode.swift; path = HomePageFeature.swift; sourceTree = "<group>"; };
		1C720DF92C56E82600174732 /* ProductCard.swift */ = {isa = PBXFileReference; lastKnownFileType = sourcecode.swift; path = ProductCard.swift; sourceTree = "<group>"; };
		1C720DFB2C56EDB800174732 /* VerticalAvatarWithName.swift */ = {isa = PBXFileReference; lastKnownFileType = sourcecode.swift; path = VerticalAvatarWithName.swift; sourceTree = "<group>"; };
		1C7AD1CC2C57717000063F83 /* AppFeature.swift */ = {isa = PBXFileReference; lastKnownFileType = sourcecode.swift; path = AppFeature.swift; sourceTree = "<group>"; };
		1C7AD1CE2C57717B00063F83 /* AppView.swift */ = {isa = PBXFileReference; lastKnownFileType = sourcecode.swift; path = AppView.swift; sourceTree = "<group>"; };
		1C7AD1D12C5772A900063F83 /* HomeNavigationView.swift */ = {isa = PBXFileReference; lastKnownFileType = sourcecode.swift; path = HomeNavigationView.swift; sourceTree = "<group>"; };
		1C7AD1D32C5772B600063F83 /* HomeNavigationFeature.swift */ = {isa = PBXFileReference; lastKnownFileType = sourcecode.swift; path = HomeNavigationFeature.swift; sourceTree = "<group>"; };
		1C7AD1D62C57730200063F83 /* ProfileNavigationFeature.swift */ = {isa = PBXFileReference; lastKnownFileType = sourcecode.swift; path = ProfileNavigationFeature.swift; sourceTree = "<group>"; };
		1C7AD1D82C57731000063F83 /* ProfileNavigationView.swift */ = {isa = PBXFileReference; lastKnownFileType = sourcecode.swift; path = ProfileNavigationView.swift; sourceTree = "<group>"; };
		1C7AD1DD2C5773B700063F83 /* ListCategoriesView.swift */ = {isa = PBXFileReference; lastKnownFileType = sourcecode.swift; path = ListCategoriesView.swift; sourceTree = "<group>"; };
		1C7AD1DF2C5773C100063F83 /* ListCategoriesFeature.swift */ = {isa = PBXFileReference; lastKnownFileType = sourcecode.swift; path = ListCategoriesFeature.swift; sourceTree = "<group>"; };
		1C7AD1E12C57742C00063F83 /* HorizontalAvatarWithName.swift */ = {isa = PBXFileReference; lastKnownFileType = sourcecode.swift; path = HorizontalAvatarWithName.swift; sourceTree = "<group>"; };
		1C7AD1E42C57759F00063F83 /* BottomTabBarView.swift */ = {isa = PBXFileReference; lastKnownFileType = sourcecode.swift; path = BottomTabBarView.swift; sourceTree = "<group>"; };
		1C7AD1E62C5775BB00063F83 /* BottomTabBarFeature.swift */ = {isa = PBXFileReference; lastKnownFileType = sourcecode.swift; path = BottomTabBarFeature.swift; sourceTree = "<group>"; };
		1C7AD1E92C578F2E00063F83 /* ProductListByCategoryFeature.swift */ = {isa = PBXFileReference; lastKnownFileType = sourcecode.swift; path = ProductListByCategoryFeature.swift; sourceTree = "<group>"; };
		1C7AD1EB2C578F3F00063F83 /* ProductListByCategoryView.swift */ = {isa = PBXFileReference; lastKnownFileType = sourcecode.swift; path = ProductListByCategoryView.swift; sourceTree = "<group>"; };
		1C85E8C12C579415004F8852 /* ProductDetailFeature.swift */ = {isa = PBXFileReference; lastKnownFileType = sourcecode.swift; path = ProductDetailFeature.swift; sourceTree = "<group>"; };
		1C85E8C32C57942E004F8852 /* ProductDetailView.swift */ = {isa = PBXFileReference; lastKnownFileType = sourcecode.swift; path = ProductDetailView.swift; sourceTree = "<group>"; };
		1C85E8C62C57F2F6004F8852 /* ProductReviewView.swift */ = {isa = PBXFileReference; lastKnownFileType = sourcecode.swift; path = ProductReviewView.swift; sourceTree = "<group>"; };
		1C85E8C82C57F30F004F8852 /* ProductReviewFeature.swift */ = {isa = PBXFileReference; lastKnownFileType = sourcecode.swift; path = ProductReviewFeature.swift; sourceTree = "<group>"; };
		1C85E8CA2C57F615004F8852 /* ReviewComponent.swift */ = {isa = PBXFileReference; lastKnownFileType = sourcecode.swift; path = ReviewComponent.swift; sourceTree = "<group>"; };
		1C85E8CD2C580A7C004F8852 /* SizeSelectionSheet.swift */ = {isa = PBXFileReference; lastKnownFileType = sourcecode.swift; path = SizeSelectionSheet.swift; sourceTree = "<group>"; };
		1C85E8CF2C589731004F8852 /* SheetSelectButton.swift */ = {isa = PBXFileReference; lastKnownFileType = sourcecode.swift; path = SheetSelectButton.swift; sourceTree = "<group>"; };
		1C85E8D12C589BA9004F8852 /* ColorSelectionSheet.swift */ = {isa = PBXFileReference; lastKnownFileType = sourcecode.swift; path = ColorSelectionSheet.swift; sourceTree = "<group>"; };
		1C85E8D42C589D2E004F8852 /* Constants.swift */ = {isa = PBXFileReference; lastKnownFileType = sourcecode.swift; path = Constants.swift; sourceTree = "<group>"; };
		1C85E8D72C58B544004F8852 /* CartPageFeature.swift */ = {isa = PBXFileReference; lastKnownFileType = sourcecode.swift; path = CartPageFeature.swift; sourceTree = "<group>"; };
		1C85E8D92C58B551004F8852 /* CartPageView.swift */ = {isa = PBXFileReference; lastKnownFileType = sourcecode.swift; path = CartPageView.swift; sourceTree = "<group>"; };
		1C85E8DB2C58B5CC004F8852 /* CartItem.swift */ = {isa = PBXFileReference; lastKnownFileType = sourcecode.swift; path = CartItem.swift; sourceTree = "<group>"; };
		1C85E8DD2C58B6A2004F8852 /* CartModel.swift */ = {isa = PBXFileReference; lastKnownFileType = sourcecode.swift; path = CartModel.swift; sourceTree = "<group>"; };
		1CB117332C4E4FD6000E3526 /* Ecommerce.app */ = {isa = PBXFileReference; explicitFileType = wrapper.application; includeInIndex = 0; path = Ecommerce.app; sourceTree = BUILT_PRODUCTS_DIR; };
		1CB117362C4E4FD6000E3526 /* EcommerceApp.swift */ = {isa = PBXFileReference; lastKnownFileType = sourcecode.swift; path = EcommerceApp.swift; sourceTree = "<group>"; };
		1CB1173A2C4E4FD8000E3526 /* Assets.xcassets */ = {isa = PBXFileReference; lastKnownFileType = folder.assetcatalog; path = Assets.xcassets; sourceTree = "<group>"; };
		1CB1173D2C4E4FD8000E3526 /* Preview Assets.xcassets */ = {isa = PBXFileReference; lastKnownFileType = folder.assetcatalog; path = "Preview Assets.xcassets"; sourceTree = "<group>"; };
		1CB117432C4E4FD8000E3526 /* EcommerceTests.xctest */ = {isa = PBXFileReference; explicitFileType = wrapper.cfbundle; includeInIndex = 0; path = EcommerceTests.xctest; sourceTree = BUILT_PRODUCTS_DIR; };
		1CB117472C4E4FD8000E3526 /* EcommerceTests.swift */ = {isa = PBXFileReference; lastKnownFileType = sourcecode.swift; path = EcommerceTests.swift; sourceTree = "<group>"; };
		1CB1174D2C4E4FD8000E3526 /* EcommerceUITests.xctest */ = {isa = PBXFileReference; explicitFileType = wrapper.cfbundle; includeInIndex = 0; path = EcommerceUITests.xctest; sourceTree = BUILT_PRODUCTS_DIR; };
		1CB117512C4E4FD8000E3526 /* EcommerceUITests.swift */ = {isa = PBXFileReference; lastKnownFileType = sourcecode.swift; path = EcommerceUITests.swift; sourceTree = "<group>"; };
		1CB117532C4E4FD8000E3526 /* EcommerceUITestsLaunchTests.swift */ = {isa = PBXFileReference; lastKnownFileType = sourcecode.swift; path = EcommerceUITestsLaunchTests.swift; sourceTree = "<group>"; };
/* End PBXFileReference section */

/* Begin PBXFrameworksBuildPhase section */
		1CB117302C4E4FD6000E3526 /* Frameworks */ = {
			isa = PBXFrameworksBuildPhase;
			buildActionMask = 2147483647;
			files = (
				1C4494732C50CC800001CAD3 /* ComposableArchitecture in Frameworks */,
			);
			runOnlyForDeploymentPostprocessing = 0;
		};
		1CB117402C4E4FD8000E3526 /* Frameworks */ = {
			isa = PBXFrameworksBuildPhase;
			buildActionMask = 2147483647;
			files = (
			);
			runOnlyForDeploymentPostprocessing = 0;
		};
		1CB1174A2C4E4FD8000E3526 /* Frameworks */ = {
			isa = PBXFrameworksBuildPhase;
			buildActionMask = 2147483647;
			files = (
			);
			runOnlyForDeploymentPostprocessing = 0;
		};
/* End PBXFrameworksBuildPhase section */

/* Begin PBXGroup section */
		1C4494742C50D6B20001CAD3 /* HomePage */ = {
			isa = PBXGroup;
			children = (
				1C4494752C50D6D10001CAD3 /* HomePageView.swift */,
				1C4494772C50D6E20001CAD3 /* HomePageFeature.swift */,
			);
			path = HomePage;
			sourceTree = "<group>";
		};
		1C720DF72C56E77E00174732 /* CustomControls */ = {
			isa = PBXGroup;
			children = (
				1C85E8CC2C580A6A004F8852 /* Sheets */,
				1C7AD1E32C57758D00063F83 /* BottomTabBar */,
				1C720DF92C56E82600174732 /* ProductCard.swift */,
				1C720DFB2C56EDB800174732 /* VerticalAvatarWithName.swift */,
				1C7AD1E12C57742C00063F83 /* HorizontalAvatarWithName.swift */,
				1C85E8CA2C57F615004F8852 /* ReviewComponent.swift */,
				1C85E8CF2C589731004F8852 /* SheetSelectButton.swift */,
				1C85E8DB2C58B5CC004F8852 /* CartItem.swift */,
			);
			path = CustomControls;
			sourceTree = "<group>";
		};
		1C720DF82C56E78800174732 /* Modules */ = {
			isa = PBXGroup;
			children = (
				1C85E8D62C58B531004F8852 /* CartPage */,
				1C85E8C52C57F2E1004F8852 /* ProductReviews */,
				1C85E8C02C5793FD004F8852 /* ProductDetails */,
				1C7AD1E82C578F1400063F83 /* ProductListByCategory */,
				1C7AD1DA2C57738800063F83 /* ListCategoriesPage */,
				1C7AD1CB2C57716300063F83 /* App */,
				1C7AD1C62C57654E00063F83 /* Navigation */,
				1C4494742C50D6B20001CAD3 /* HomePage */,
			);
			path = Modules;
			sourceTree = "<group>";
		};
		1C7AD1C62C57654E00063F83 /* Navigation */ = {
			isa = PBXGroup;
			children = (
				1C7AD1D52C5772E900063F83 /* ProfileNavigation */,
				1C7AD1D02C57729700063F83 /* HomeNavigation */,
			);
			path = Navigation;
			sourceTree = "<group>";
		};
		1C7AD1CB2C57716300063F83 /* App */ = {
			isa = PBXGroup;
			children = (
				1C7AD1CC2C57717000063F83 /* AppFeature.swift */,
				1C7AD1CE2C57717B00063F83 /* AppView.swift */,
			);
			path = App;
			sourceTree = "<group>";
		};
		1C7AD1D02C57729700063F83 /* HomeNavigation */ = {
			isa = PBXGroup;
			children = (
				1C7AD1D12C5772A900063F83 /* HomeNavigationView.swift */,
				1C7AD1D32C5772B600063F83 /* HomeNavigationFeature.swift */,
			);
			path = HomeNavigation;
			sourceTree = "<group>";
		};
		1C7AD1D52C5772E900063F83 /* ProfileNavigation */ = {
			isa = PBXGroup;
			children = (
				1C7AD1D62C57730200063F83 /* ProfileNavigationFeature.swift */,
				1C7AD1D82C57731000063F83 /* ProfileNavigationView.swift */,
			);
			path = ProfileNavigation;
			sourceTree = "<group>";
		};
		1C7AD1DA2C57738800063F83 /* ListCategoriesPage */ = {
			isa = PBXGroup;
			children = (
				1C7AD1DD2C5773B700063F83 /* ListCategoriesView.swift */,
				1C7AD1DF2C5773C100063F83 /* ListCategoriesFeature.swift */,
			);
			path = ListCategoriesPage;
			sourceTree = "<group>";
		};
		1C7AD1E32C57758D00063F83 /* BottomTabBar */ = {
			isa = PBXGroup;
			children = (
				1C7AD1E42C57759F00063F83 /* BottomTabBarView.swift */,
				1C7AD1E62C5775BB00063F83 /* BottomTabBarFeature.swift */,
			);
			path = BottomTabBar;
			sourceTree = "<group>";
		};
		1C7AD1E82C578F1400063F83 /* ProductListByCategory */ = {
			isa = PBXGroup;
			children = (
				1C7AD1E92C578F2E00063F83 /* ProductListByCategoryFeature.swift */,
				1C7AD1EB2C578F3F00063F83 /* ProductListByCategoryView.swift */,
			);
			path = ProductListByCategory;
			sourceTree = "<group>";
		};
		1C85E8C02C5793FD004F8852 /* ProductDetails */ = {
			isa = PBXGroup;
			children = (
				1C85E8C12C579415004F8852 /* ProductDetailFeature.swift */,
				1C85E8C32C57942E004F8852 /* ProductDetailView.swift */,
			);
			path = ProductDetails;
			sourceTree = "<group>";
		};
		1C85E8C52C57F2E1004F8852 /* ProductReviews */ = {
			isa = PBXGroup;
			children = (
				1C85E8C62C57F2F6004F8852 /* ProductReviewView.swift */,
				1C85E8C82C57F30F004F8852 /* ProductReviewFeature.swift */,
			);
			path = ProductReviews;
			sourceTree = "<group>";
		};
		1C85E8CC2C580A6A004F8852 /* Sheets */ = {
			isa = PBXGroup;
			children = (
				1C85E8CD2C580A7C004F8852 /* SizeSelectionSheet.swift */,
				1C85E8D12C589BA9004F8852 /* ColorSelectionSheet.swift */,
			);
			path = Sheets;
			sourceTree = "<group>";
		};
		1C85E8D32C589D1D004F8852 /* Constants */ = {
			isa = PBXGroup;
			children = (
				1C85E8D42C589D2E004F8852 /* Constants.swift */,
			);
			path = Constants;
			sourceTree = "<group>";
		};
		1C85E8D62C58B531004F8852 /* CartPage */ = {
			isa = PBXGroup;
			children = (
				1C85E8D72C58B544004F8852 /* CartPageFeature.swift */,
				1C85E8D92C58B551004F8852 /* CartPageView.swift */,
			);
			path = CartPage;
			sourceTree = "<group>";
		};
		1C85E8DF2C58F798004F8852 /* Models */ = {
			isa = PBXGroup;
			children = (
				1C85E8DD2C58B6A2004F8852 /* CartModel.swift */,
			);
			path = Models;
			sourceTree = "<group>";
		};
		1CB1172A2C4E4FD6000E3526 = {
			isa = PBXGroup;
			children = (
				1CB117352C4E4FD6000E3526 /* Ecommerce */,
				1CB117462C4E4FD8000E3526 /* EcommerceTests */,
				1CB117502C4E4FD8000E3526 /* EcommerceUITests */,
				1CB117342C4E4FD6000E3526 /* Products */,
			);
			sourceTree = "<group>";
		};
		1CB117342C4E4FD6000E3526 /* Products */ = {
			isa = PBXGroup;
			children = (
				1CB117332C4E4FD6000E3526 /* Ecommerce.app */,
				1CB117432C4E4FD8000E3526 /* EcommerceTests.xctest */,
				1CB1174D2C4E4FD8000E3526 /* EcommerceUITests.xctest */,
			);
			name = Products;
			sourceTree = "<group>";
		};
		1CB117352C4E4FD6000E3526 /* Ecommerce */ = {
			isa = PBXGroup;
			children = (
				1C85E8DF2C58F798004F8852 /* Models */,
				1C85E8D32C589D1D004F8852 /* Constants */,
				1C720DF82C56E78800174732 /* Modules */,
				1C720DF72C56E77E00174732 /* CustomControls */,
				1CB117362C4E4FD6000E3526 /* EcommerceApp.swift */,
				1CB1173A2C4E4FD8000E3526 /* Assets.xcassets */,
				1CB1173C2C4E4FD8000E3526 /* Preview Content */,
			);
			path = Ecommerce;
			sourceTree = "<group>";
		};
		1CB1173C2C4E4FD8000E3526 /* Preview Content */ = {
			isa = PBXGroup;
			children = (
				1CB1173D2C4E4FD8000E3526 /* Preview Assets.xcassets */,
			);
			path = "Preview Content";
			sourceTree = "<group>";
		};
		1CB117462C4E4FD8000E3526 /* EcommerceTests */ = {
			isa = PBXGroup;
			children = (
				1CB117472C4E4FD8000E3526 /* EcommerceTests.swift */,
			);
			path = EcommerceTests;
			sourceTree = "<group>";
		};
		1CB117502C4E4FD8000E3526 /* EcommerceUITests */ = {
			isa = PBXGroup;
			children = (
				1CB117512C4E4FD8000E3526 /* EcommerceUITests.swift */,
				1CB117532C4E4FD8000E3526 /* EcommerceUITestsLaunchTests.swift */,
			);
			path = EcommerceUITests;
			sourceTree = "<group>";
		};
/* End PBXGroup section */

/* Begin PBXNativeTarget section */
		1CB117322C4E4FD6000E3526 /* Ecommerce */ = {
			isa = PBXNativeTarget;
			buildConfigurationList = 1CB117572C4E4FD8000E3526 /* Build configuration list for PBXNativeTarget "Ecommerce" */;
			buildPhases = (
				1CB1172F2C4E4FD6000E3526 /* Sources */,
				1CB117302C4E4FD6000E3526 /* Frameworks */,
				1CB117312C4E4FD6000E3526 /* Resources */,
			);
			buildRules = (
			);
			dependencies = (
			);
			name = Ecommerce;
			packageProductDependencies = (
				1C4494722C50CC800001CAD3 /* ComposableArchitecture */,
			);
			productName = Ecommerce;
			productReference = 1CB117332C4E4FD6000E3526 /* Ecommerce.app */;
			productType = "com.apple.product-type.application";
		};
		1CB117422C4E4FD8000E3526 /* EcommerceTests */ = {
			isa = PBXNativeTarget;
			buildConfigurationList = 1CB1175A2C4E4FD8000E3526 /* Build configuration list for PBXNativeTarget "EcommerceTests" */;
			buildPhases = (
				1CB1173F2C4E4FD8000E3526 /* Sources */,
				1CB117402C4E4FD8000E3526 /* Frameworks */,
				1CB117412C4E4FD8000E3526 /* Resources */,
			);
			buildRules = (
			);
			dependencies = (
				1CB117452C4E4FD8000E3526 /* PBXTargetDependency */,
			);
			name = EcommerceTests;
			productName = EcommerceTests;
			productReference = 1CB117432C4E4FD8000E3526 /* EcommerceTests.xctest */;
			productType = "com.apple.product-type.bundle.unit-test";
		};
		1CB1174C2C4E4FD8000E3526 /* EcommerceUITests */ = {
			isa = PBXNativeTarget;
			buildConfigurationList = 1CB1175D2C4E4FD8000E3526 /* Build configuration list for PBXNativeTarget "EcommerceUITests" */;
			buildPhases = (
				1CB117492C4E4FD8000E3526 /* Sources */,
				1CB1174A2C4E4FD8000E3526 /* Frameworks */,
				1CB1174B2C4E4FD8000E3526 /* Resources */,
			);
			buildRules = (
			);
			dependencies = (
				1CB1174F2C4E4FD8000E3526 /* PBXTargetDependency */,
			);
			name = EcommerceUITests;
			productName = EcommerceUITests;
			productReference = 1CB1174D2C4E4FD8000E3526 /* EcommerceUITests.xctest */;
			productType = "com.apple.product-type.bundle.ui-testing";
		};
/* End PBXNativeTarget section */

/* Begin PBXProject section */
		1CB1172B2C4E4FD6000E3526 /* Project object */ = {
			isa = PBXProject;
			attributes = {
				BuildIndependentTargetsInParallel = 1;
				LastSwiftUpdateCheck = 1500;
				LastUpgradeCheck = 1500;
				TargetAttributes = {
					1CB117322C4E4FD6000E3526 = {
						CreatedOnToolsVersion = 15.0;
					};
					1CB117422C4E4FD8000E3526 = {
						CreatedOnToolsVersion = 15.0;
						TestTargetID = 1CB117322C4E4FD6000E3526;
					};
					1CB1174C2C4E4FD8000E3526 = {
						CreatedOnToolsVersion = 15.0;
						TestTargetID = 1CB117322C4E4FD6000E3526;
					};
				};
			};
			buildConfigurationList = 1CB1172E2C4E4FD6000E3526 /* Build configuration list for PBXProject "Ecommerce" */;
			compatibilityVersion = "Xcode 14.0";
			developmentRegion = en;
			hasScannedForEncodings = 0;
			knownRegions = (
				en,
				Base,
			);
			mainGroup = 1CB1172A2C4E4FD6000E3526;
			packageReferences = (
				1C4494712C50CC800001CAD3 /* XCRemoteSwiftPackageReference "swift-composable-architecture" */,
			);
			productRefGroup = 1CB117342C4E4FD6000E3526 /* Products */;
			projectDirPath = "";
			projectRoot = "";
			targets = (
				1CB117322C4E4FD6000E3526 /* Ecommerce */,
				1CB117422C4E4FD8000E3526 /* EcommerceTests */,
				1CB1174C2C4E4FD8000E3526 /* EcommerceUITests */,
			);
		};
/* End PBXProject section */

/* Begin PBXResourcesBuildPhase section */
		1CB117312C4E4FD6000E3526 /* Resources */ = {
			isa = PBXResourcesBuildPhase;
			buildActionMask = 2147483647;
			files = (
				1CB1173E2C4E4FD8000E3526 /* Preview Assets.xcassets in Resources */,
				1CB1173B2C4E4FD8000E3526 /* Assets.xcassets in Resources */,
			);
			runOnlyForDeploymentPostprocessing = 0;
		};
		1CB117412C4E4FD8000E3526 /* Resources */ = {
			isa = PBXResourcesBuildPhase;
			buildActionMask = 2147483647;
			files = (
			);
			runOnlyForDeploymentPostprocessing = 0;
		};
		1CB1174B2C4E4FD8000E3526 /* Resources */ = {
			isa = PBXResourcesBuildPhase;
			buildActionMask = 2147483647;
			files = (
			);
			runOnlyForDeploymentPostprocessing = 0;
		};
/* End PBXResourcesBuildPhase section */

/* Begin PBXSourcesBuildPhase section */
		1CB1172F2C4E4FD6000E3526 /* Sources */ = {
			isa = PBXSourcesBuildPhase;
			buildActionMask = 2147483647;
			files = (
				1C85E8C22C579415004F8852 /* ProductDetailFeature.swift in Sources */,
				1C85E8C42C57942E004F8852 /* ProductDetailView.swift in Sources */,
				1C7AD1D42C5772B600063F83 /* HomeNavigationFeature.swift in Sources */,
				1C7AD1EA2C578F2E00063F83 /* ProductListByCategoryFeature.swift in Sources */,
				1C85E8DE2C58B6A2004F8852 /* CartModel.swift in Sources */,
				1C7AD1E72C5775BB00063F83 /* BottomTabBarFeature.swift in Sources */,
				1C85E8CE2C580A7C004F8852 /* SizeSelectionSheet.swift in Sources */,
				1C7AD1CD2C57717000063F83 /* AppFeature.swift in Sources */,
				1C85E8DA2C58B551004F8852 /* CartPageView.swift in Sources */,
				1C85E8D82C58B544004F8852 /* CartPageFeature.swift in Sources */,
				1C7AD1E22C57742C00063F83 /* HorizontalAvatarWithName.swift in Sources */,
				1C85E8CB2C57F615004F8852 /* ReviewComponent.swift in Sources */,
				1C7AD1D92C57731000063F83 /* ProfileNavigationView.swift in Sources */,
				1C4494762C50D6D10001CAD3 /* HomePageView.swift in Sources */,
				1C7AD1DE2C5773B700063F83 /* ListCategoriesView.swift in Sources */,
				1C85E8D22C589BA9004F8852 /* ColorSelectionSheet.swift in Sources */,
				1C7AD1CF2C57717B00063F83 /* AppView.swift in Sources */,
				1C7AD1D72C57730200063F83 /* ProfileNavigationFeature.swift in Sources */,
				1C85E8D02C589731004F8852 /* SheetSelectButton.swift in Sources */,
				1C4494782C50D6E20001CAD3 /* HomePageFeature.swift in Sources */,
				1C720DFC2C56EDB800174732 /* VerticalAvatarWithName.swift in Sources */,
				1CB117372C4E4FD6000E3526 /* EcommerceApp.swift in Sources */,
				1C720DFA2C56E82600174732 /* ProductCard.swift in Sources */,
				1C7AD1E52C57759F00063F83 /* BottomTabBarView.swift in Sources */,
				1C85E8C72C57F2F6004F8852 /* ProductReviewView.swift in Sources */,
				1C85E8C92C57F30F004F8852 /* ProductReviewFeature.swift in Sources */,
				1C7AD1EC2C578F3F00063F83 /* ProductListByCategoryView.swift in Sources */,
				1C7AD1E02C5773C100063F83 /* ListCategoriesFeature.swift in Sources */,
				1C7AD1D22C5772A900063F83 /* HomeNavigationView.swift in Sources */,
				1C85E8DC2C58B5CC004F8852 /* CartItem.swift in Sources */,
				1C85E8D52C589D2E004F8852 /* Constants.swift in Sources */,
			);
			runOnlyForDeploymentPostprocessing = 0;
		};
		1CB1173F2C4E4FD8000E3526 /* Sources */ = {
			isa = PBXSourcesBuildPhase;
			buildActionMask = 2147483647;
			files = (
				1CB117482C4E4FD8000E3526 /* EcommerceTests.swift in Sources */,
			);
			runOnlyForDeploymentPostprocessing = 0;
		};
		1CB117492C4E4FD8000E3526 /* Sources */ = {
			isa = PBXSourcesBuildPhase;
			buildActionMask = 2147483647;
			files = (
				1CB117522C4E4FD8000E3526 /* EcommerceUITests.swift in Sources */,
				1CB117542C4E4FD8000E3526 /* EcommerceUITestsLaunchTests.swift in Sources */,
			);
			runOnlyForDeploymentPostprocessing = 0;
		};
/* End PBXSourcesBuildPhase section */

/* Begin PBXTargetDependency section */
		1CB117452C4E4FD8000E3526 /* PBXTargetDependency */ = {
			isa = PBXTargetDependency;
			target = 1CB117322C4E4FD6000E3526 /* Ecommerce */;
			targetProxy = 1CB117442C4E4FD8000E3526 /* PBXContainerItemProxy */;
		};
		1CB1174F2C4E4FD8000E3526 /* PBXTargetDependency */ = {
			isa = PBXTargetDependency;
			target = 1CB117322C4E4FD6000E3526 /* Ecommerce */;
			targetProxy = 1CB1174E2C4E4FD8000E3526 /* PBXContainerItemProxy */;
		};
/* End PBXTargetDependency section */

/* Begin XCBuildConfiguration section */
		1CB117552C4E4FD8000E3526 /* Debug */ = {
			isa = XCBuildConfiguration;
			buildSettings = {
				ALWAYS_SEARCH_USER_PATHS = NO;
				ASSETCATALOG_COMPILER_GENERATE_SWIFT_ASSET_SYMBOL_EXTENSIONS = YES;
				CLANG_ANALYZER_NONNULL = YES;
				CLANG_ANALYZER_NUMBER_OBJECT_CONVERSION = YES_AGGRESSIVE;
				CLANG_CXX_LANGUAGE_STANDARD = "gnu++20";
				CLANG_ENABLE_MODULES = YES;
				CLANG_ENABLE_OBJC_ARC = YES;
				CLANG_ENABLE_OBJC_WEAK = YES;
				CLANG_WARN_BLOCK_CAPTURE_AUTORELEASING = YES;
				CLANG_WARN_BOOL_CONVERSION = YES;
				CLANG_WARN_COMMA = YES;
				CLANG_WARN_CONSTANT_CONVERSION = YES;
				CLANG_WARN_DEPRECATED_OBJC_IMPLEMENTATIONS = YES;
				CLANG_WARN_DIRECT_OBJC_ISA_USAGE = YES_ERROR;
				CLANG_WARN_DOCUMENTATION_COMMENTS = YES;
				CLANG_WARN_EMPTY_BODY = YES;
				CLANG_WARN_ENUM_CONVERSION = YES;
				CLANG_WARN_INFINITE_RECURSION = YES;
				CLANG_WARN_INT_CONVERSION = YES;
				CLANG_WARN_NON_LITERAL_NULL_CONVERSION = YES;
				CLANG_WARN_OBJC_IMPLICIT_RETAIN_SELF = YES;
				CLANG_WARN_OBJC_LITERAL_CONVERSION = YES;
				CLANG_WARN_OBJC_ROOT_CLASS = YES_ERROR;
				CLANG_WARN_QUOTED_INCLUDE_IN_FRAMEWORK_HEADER = YES;
				CLANG_WARN_RANGE_LOOP_ANALYSIS = YES;
				CLANG_WARN_STRICT_PROTOTYPES = YES;
				CLANG_WARN_SUSPICIOUS_MOVE = YES;
				CLANG_WARN_UNGUARDED_AVAILABILITY = YES_AGGRESSIVE;
				CLANG_WARN_UNREACHABLE_CODE = YES;
				CLANG_WARN__DUPLICATE_METHOD_MATCH = YES;
				COPY_PHASE_STRIP = NO;
				DEBUG_INFORMATION_FORMAT = dwarf;
				ENABLE_STRICT_OBJC_MSGSEND = YES;
				ENABLE_TESTABILITY = YES;
				ENABLE_USER_SCRIPT_SANDBOXING = YES;
				GCC_C_LANGUAGE_STANDARD = gnu17;
				GCC_DYNAMIC_NO_PIC = NO;
				GCC_NO_COMMON_BLOCKS = YES;
				GCC_OPTIMIZATION_LEVEL = 0;
				GCC_PREPROCESSOR_DEFINITIONS = (
					"DEBUG=1",
					"$(inherited)",
				);
				GCC_WARN_64_TO_32_BIT_CONVERSION = YES;
				GCC_WARN_ABOUT_RETURN_TYPE = YES_ERROR;
				GCC_WARN_UNDECLARED_SELECTOR = YES;
				GCC_WARN_UNINITIALIZED_AUTOS = YES_AGGRESSIVE;
				GCC_WARN_UNUSED_FUNCTION = YES;
				GCC_WARN_UNUSED_VARIABLE = YES;
				IPHONEOS_DEPLOYMENT_TARGET = 17.0;
				LOCALIZATION_PREFERS_STRING_CATALOGS = YES;
				MTL_ENABLE_DEBUG_INFO = INCLUDE_SOURCE;
				MTL_FAST_MATH = YES;
				ONLY_ACTIVE_ARCH = YES;
				SDKROOT = iphoneos;
				SWIFT_ACTIVE_COMPILATION_CONDITIONS = "DEBUG $(inherited)";
				SWIFT_OPTIMIZATION_LEVEL = "-Onone";
			};
			name = Debug;
		};
		1CB117562C4E4FD8000E3526 /* Release */ = {
			isa = XCBuildConfiguration;
			buildSettings = {
				ALWAYS_SEARCH_USER_PATHS = NO;
				ASSETCATALOG_COMPILER_GENERATE_SWIFT_ASSET_SYMBOL_EXTENSIONS = YES;
				CLANG_ANALYZER_NONNULL = YES;
				CLANG_ANALYZER_NUMBER_OBJECT_CONVERSION = YES_AGGRESSIVE;
				CLANG_CXX_LANGUAGE_STANDARD = "gnu++20";
				CLANG_ENABLE_MODULES = YES;
				CLANG_ENABLE_OBJC_ARC = YES;
				CLANG_ENABLE_OBJC_WEAK = YES;
				CLANG_WARN_BLOCK_CAPTURE_AUTORELEASING = YES;
				CLANG_WARN_BOOL_CONVERSION = YES;
				CLANG_WARN_COMMA = YES;
				CLANG_WARN_CONSTANT_CONVERSION = YES;
				CLANG_WARN_DEPRECATED_OBJC_IMPLEMENTATIONS = YES;
				CLANG_WARN_DIRECT_OBJC_ISA_USAGE = YES_ERROR;
				CLANG_WARN_DOCUMENTATION_COMMENTS = YES;
				CLANG_WARN_EMPTY_BODY = YES;
				CLANG_WARN_ENUM_CONVERSION = YES;
				CLANG_WARN_INFINITE_RECURSION = YES;
				CLANG_WARN_INT_CONVERSION = YES;
				CLANG_WARN_NON_LITERAL_NULL_CONVERSION = YES;
				CLANG_WARN_OBJC_IMPLICIT_RETAIN_SELF = YES;
				CLANG_WARN_OBJC_LITERAL_CONVERSION = YES;
				CLANG_WARN_OBJC_ROOT_CLASS = YES_ERROR;
				CLANG_WARN_QUOTED_INCLUDE_IN_FRAMEWORK_HEADER = YES;
				CLANG_WARN_RANGE_LOOP_ANALYSIS = YES;
				CLANG_WARN_STRICT_PROTOTYPES = YES;
				CLANG_WARN_SUSPICIOUS_MOVE = YES;
				CLANG_WARN_UNGUARDED_AVAILABILITY = YES_AGGRESSIVE;
				CLANG_WARN_UNREACHABLE_CODE = YES;
				CLANG_WARN__DUPLICATE_METHOD_MATCH = YES;
				COPY_PHASE_STRIP = NO;
				DEBUG_INFORMATION_FORMAT = "dwarf-with-dsym";
				ENABLE_NS_ASSERTIONS = NO;
				ENABLE_STRICT_OBJC_MSGSEND = YES;
				ENABLE_USER_SCRIPT_SANDBOXING = YES;
				GCC_C_LANGUAGE_STANDARD = gnu17;
				GCC_NO_COMMON_BLOCKS = YES;
				GCC_WARN_64_TO_32_BIT_CONVERSION = YES;
				GCC_WARN_ABOUT_RETURN_TYPE = YES_ERROR;
				GCC_WARN_UNDECLARED_SELECTOR = YES;
				GCC_WARN_UNINITIALIZED_AUTOS = YES_AGGRESSIVE;
				GCC_WARN_UNUSED_FUNCTION = YES;
				GCC_WARN_UNUSED_VARIABLE = YES;
				IPHONEOS_DEPLOYMENT_TARGET = 17.0;
				LOCALIZATION_PREFERS_STRING_CATALOGS = YES;
				MTL_ENABLE_DEBUG_INFO = NO;
				MTL_FAST_MATH = YES;
				SDKROOT = iphoneos;
				SWIFT_COMPILATION_MODE = wholemodule;
				VALIDATE_PRODUCT = YES;
			};
			name = Release;
		};
		1CB117582C4E4FD8000E3526 /* Debug */ = {
			isa = XCBuildConfiguration;
			buildSettings = {
				ASSETCATALOG_COMPILER_APPICON_NAME = AppIcon;
				ASSETCATALOG_COMPILER_GLOBAL_ACCENT_COLOR_NAME = AccentColor;
				CODE_SIGN_STYLE = Automatic;
				CURRENT_PROJECT_VERSION = 1;
				DEVELOPMENT_ASSET_PATHS = "\"Ecommerce/Preview Content\"";
				DEVELOPMENT_TEAM = H4T4L9YN69;
				ENABLE_PREVIEWS = YES;
				GENERATE_INFOPLIST_FILE = YES;
				INFOPLIST_KEY_UIApplicationSceneManifest_Generation = YES;
				INFOPLIST_KEY_UIApplicationSupportsIndirectInputEvents = YES;
				INFOPLIST_KEY_UILaunchScreen_Generation = YES;
				INFOPLIST_KEY_UISupportedInterfaceOrientations_iPad = "UIInterfaceOrientationPortrait UIInterfaceOrientationPortraitUpsideDown UIInterfaceOrientationLandscapeLeft UIInterfaceOrientationLandscapeRight";
				INFOPLIST_KEY_UISupportedInterfaceOrientations_iPhone = "UIInterfaceOrientationPortrait UIInterfaceOrientationLandscapeLeft UIInterfaceOrientationLandscapeRight";
				LD_RUNPATH_SEARCH_PATHS = (
					"$(inherited)",
					"@executable_path/Frameworks",
				);
				MARKETING_VERSION = 1.0;
				PRODUCT_BUNDLE_IDENTIFIER = com.presidio.Ecommerce;
				PRODUCT_NAME = "$(TARGET_NAME)";
				SWIFT_EMIT_LOC_STRINGS = YES;
				SWIFT_VERSION = 5.0;
				TARGETED_DEVICE_FAMILY = "1,2";
			};
			name = Debug;
		};
		1CB117592C4E4FD8000E3526 /* Release */ = {
			isa = XCBuildConfiguration;
			buildSettings = {
				ASSETCATALOG_COMPILER_APPICON_NAME = AppIcon;
				ASSETCATALOG_COMPILER_GLOBAL_ACCENT_COLOR_NAME = AccentColor;
				CODE_SIGN_STYLE = Automatic;
				CURRENT_PROJECT_VERSION = 1;
				DEVELOPMENT_ASSET_PATHS = "\"Ecommerce/Preview Content\"";
				DEVELOPMENT_TEAM = H4T4L9YN69;
				ENABLE_PREVIEWS = YES;
				GENERATE_INFOPLIST_FILE = YES;
				INFOPLIST_KEY_UIApplicationSceneManifest_Generation = YES;
				INFOPLIST_KEY_UIApplicationSupportsIndirectInputEvents = YES;
				INFOPLIST_KEY_UILaunchScreen_Generation = YES;
				INFOPLIST_KEY_UISupportedInterfaceOrientations_iPad = "UIInterfaceOrientationPortrait UIInterfaceOrientationPortraitUpsideDown UIInterfaceOrientationLandscapeLeft UIInterfaceOrientationLandscapeRight";
				INFOPLIST_KEY_UISupportedInterfaceOrientations_iPhone = "UIInterfaceOrientationPortrait UIInterfaceOrientationLandscapeLeft UIInterfaceOrientationLandscapeRight";
				LD_RUNPATH_SEARCH_PATHS = (
					"$(inherited)",
					"@executable_path/Frameworks",
				);
				MARKETING_VERSION = 1.0;
				PRODUCT_BUNDLE_IDENTIFIER = com.presidio.Ecommerce;
				PRODUCT_NAME = "$(TARGET_NAME)";
				SWIFT_EMIT_LOC_STRINGS = YES;
				SWIFT_VERSION = 5.0;
				TARGETED_DEVICE_FAMILY = "1,2";
			};
			name = Release;
		};
		1CB1175B2C4E4FD8000E3526 /* Debug */ = {
			isa = XCBuildConfiguration;
			buildSettings = {
				ALWAYS_EMBED_SWIFT_STANDARD_LIBRARIES = YES;
				BUNDLE_LOADER = "$(TEST_HOST)";
				CODE_SIGN_STYLE = Automatic;
				CURRENT_PROJECT_VERSION = 1;
				DEVELOPMENT_TEAM = H4T4L9YN69;
				GENERATE_INFOPLIST_FILE = YES;
				IPHONEOS_DEPLOYMENT_TARGET = 17.0;
				MARKETING_VERSION = 1.0;
				PRODUCT_BUNDLE_IDENTIFIER = com.presidio.EcommerceTests;
				PRODUCT_NAME = "$(TARGET_NAME)";
				SWIFT_EMIT_LOC_STRINGS = NO;
				SWIFT_VERSION = 5.0;
				TARGETED_DEVICE_FAMILY = "1,2";
				TEST_HOST = "$(BUILT_PRODUCTS_DIR)/Ecommerce.app/$(BUNDLE_EXECUTABLE_FOLDER_PATH)/Ecommerce";
			};
			name = Debug;
		};
		1CB1175C2C4E4FD8000E3526 /* Release */ = {
			isa = XCBuildConfiguration;
			buildSettings = {
				ALWAYS_EMBED_SWIFT_STANDARD_LIBRARIES = YES;
				BUNDLE_LOADER = "$(TEST_HOST)";
				CODE_SIGN_STYLE = Automatic;
				CURRENT_PROJECT_VERSION = 1;
				DEVELOPMENT_TEAM = H4T4L9YN69;
				GENERATE_INFOPLIST_FILE = YES;
				IPHONEOS_DEPLOYMENT_TARGET = 17.0;
				MARKETING_VERSION = 1.0;
				PRODUCT_BUNDLE_IDENTIFIER = com.presidio.EcommerceTests;
				PRODUCT_NAME = "$(TARGET_NAME)";
				SWIFT_EMIT_LOC_STRINGS = NO;
				SWIFT_VERSION = 5.0;
				TARGETED_DEVICE_FAMILY = "1,2";
				TEST_HOST = "$(BUILT_PRODUCTS_DIR)/Ecommerce.app/$(BUNDLE_EXECUTABLE_FOLDER_PATH)/Ecommerce";
			};
			name = Release;
		};
		1CB1175E2C4E4FD8000E3526 /* Debug */ = {
			isa = XCBuildConfiguration;
			buildSettings = {
				ALWAYS_EMBED_SWIFT_STANDARD_LIBRARIES = YES;
				CODE_SIGN_STYLE = Automatic;
				CURRENT_PROJECT_VERSION = 1;
				DEVELOPMENT_TEAM = H4T4L9YN69;
				GENERATE_INFOPLIST_FILE = YES;
				MARKETING_VERSION = 1.0;
				PRODUCT_BUNDLE_IDENTIFIER = com.presidio.EcommerceUITests;
				PRODUCT_NAME = "$(TARGET_NAME)";
				SWIFT_EMIT_LOC_STRINGS = NO;
				SWIFT_VERSION = 5.0;
				TARGETED_DEVICE_FAMILY = "1,2";
				TEST_TARGET_NAME = Ecommerce;
			};
			name = Debug;
		};
		1CB1175F2C4E4FD8000E3526 /* Release */ = {
			isa = XCBuildConfiguration;
			buildSettings = {
				ALWAYS_EMBED_SWIFT_STANDARD_LIBRARIES = YES;
				CODE_SIGN_STYLE = Automatic;
				CURRENT_PROJECT_VERSION = 1;
				DEVELOPMENT_TEAM = H4T4L9YN69;
				GENERATE_INFOPLIST_FILE = YES;
				MARKETING_VERSION = 1.0;
				PRODUCT_BUNDLE_IDENTIFIER = com.presidio.EcommerceUITests;
				PRODUCT_NAME = "$(TARGET_NAME)";
				SWIFT_EMIT_LOC_STRINGS = NO;
				SWIFT_VERSION = 5.0;
				TARGETED_DEVICE_FAMILY = "1,2";
				TEST_TARGET_NAME = Ecommerce;
			};
			name = Release;
		};
/* End XCBuildConfiguration section */

/* Begin XCConfigurationList section */
		1CB1172E2C4E4FD6000E3526 /* Build configuration list for PBXProject "Ecommerce" */ = {
			isa = XCConfigurationList;
			buildConfigurations = (
				1CB117552C4E4FD8000E3526 /* Debug */,
				1CB117562C4E4FD8000E3526 /* Release */,
			);
			defaultConfigurationIsVisible = 0;
			defaultConfigurationName = Release;
		};
		1CB117572C4E4FD8000E3526 /* Build configuration list for PBXNativeTarget "Ecommerce" */ = {
			isa = XCConfigurationList;
			buildConfigurations = (
				1CB117582C4E4FD8000E3526 /* Debug */,
				1CB117592C4E4FD8000E3526 /* Release */,
			);
			defaultConfigurationIsVisible = 0;
			defaultConfigurationName = Release;
		};
		1CB1175A2C4E4FD8000E3526 /* Build configuration list for PBXNativeTarget "EcommerceTests" */ = {
			isa = XCConfigurationList;
			buildConfigurations = (
				1CB1175B2C4E4FD8000E3526 /* Debug */,
				1CB1175C2C4E4FD8000E3526 /* Release */,
			);
			defaultConfigurationIsVisible = 0;
			defaultConfigurationName = Release;
		};
		1CB1175D2C4E4FD8000E3526 /* Build configuration list for PBXNativeTarget "EcommerceUITests" */ = {
			isa = XCConfigurationList;
			buildConfigurations = (
				1CB1175E2C4E4FD8000E3526 /* Debug */,
				1CB1175F2C4E4FD8000E3526 /* Release */,
			);
			defaultConfigurationIsVisible = 0;
			defaultConfigurationName = Release;
		};
/* End XCConfigurationList section */

/* Begin XCRemoteSwiftPackageReference section */
		1C4494712C50CC800001CAD3 /* XCRemoteSwiftPackageReference "swift-composable-architecture" */ = {
			isa = XCRemoteSwiftPackageReference;
			repositoryURL = "https://github.com/pointfreeco/swift-composable-architecture";
			requirement = {
				kind = upToNextMajorVersion;
				minimumVersion = 1.12.0;
			};
		};
/* End XCRemoteSwiftPackageReference section */

/* Begin XCSwiftPackageProductDependency section */
		1C4494722C50CC800001CAD3 /* ComposableArchitecture */ = {
			isa = XCSwiftPackageProductDependency;
			package = 1C4494712C50CC800001CAD3 /* XCRemoteSwiftPackageReference "swift-composable-architecture" */;
			productName = ComposableArchitecture;
		};
/* End XCSwiftPackageProductDependency section */
	};
	rootObject = 1CB1172B2C4E4FD6000E3526 /* Project object */;
}
